
Microsoft Visual Studio Solution File, Format Version 12.00
# Visual Studio 14
VisualStudioVersion = 14.0.25420.1
MinimumVisualStudioVersion = 10.0.40219.1
Project("{FAE04EC0-301F-11D3-BF4B-00C04F79EFBC}") = "Gadi", "Gadi\Gadi.csproj", "{15E9E75C-0153-451C-97C6-2C7AF1D072CD}"
EndProject
Project("{FAE04EC0-301F-11D3-BF4B-00C04F79EFBC}") = "Gadi.Business", "Gadi.Business\Gadi.Business.csproj", "{819291AF-CC7B-4408-8384-5DBC8CD3C2CD}"
EndProject
Project("{FAE04EC0-301F-11D3-BF4B-00C04F79EFBC}") = "Gadi.Data", "Gadi.Data\Gadi.Data.csproj", "{1BDD552C-085E-43D2-895A-013492A31CB1}"
EndProject
Project("{FAE04EC0-301F-11D3-BF4B-00C04F79EFBC}") = "Gadi.Common", "Gadi.Common\Gadi.Common.csproj", "{D018C9A6-D233-4B2A-B550-4A4B0D9F5474}"
EndProject
Global
	GlobalSection(SolutionConfigurationPlatforms) = preSolution
		Debug|Any CPU = Debug|Any CPU
		Release|Any CPU = Release|Any CPU
	EndGlobalSection
	GlobalSection(ProjectConfigurationPlatforms) = postSolution
		{15E9E75C-0153-451C-97C6-2C7AF1D072CD}.Debug|Any CPU.ActiveCfg = Debug|Any CPU
		{15E9E75C-0153-451C-97C6-2C7AF1D072CD}.Debug|Any CPU.Build.0 = Debug|Any CPU
		{15E9E75C-0153-451C-97C6-2C7AF1D072CD}.Release|Any CPU.ActiveCfg = Release|Any CPU
		{15E9E75C-0153-451C-97C6-2C7AF1D072CD}.Release|Any CPU.Build.0 = Release|Any CPU
		{819291AF-CC7B-4408-8384-5DBC8CD3C2CD}.Debug|Any CPU.ActiveCfg = Debug|Any CPU
		{819291AF-CC7B-4408-8384-5DBC8CD3C2CD}.Debug|Any CPU.Build.0 = Debug|Any CPU
		{819291AF-CC7B-4408-8384-5DBC8CD3C2CD}.Release|Any CPU.ActiveCfg = Release|Any CPU
		{819291AF-CC7B-4408-8384-5DBC8CD3C2CD}.Release|Any CPU.Build.0 = Release|Any CPU
		{1BDD552C-085E-43D2-895A-013492A31CB1}.Debug|Any CPU.ActiveCfg = Debug|Any CPU
		{1BDD552C-085E-43D2-895A-013492A31CB1}.Debug|Any CPU.Build.0 = Debug|Any CPU
		{1BDD552C-085E-43D2-895A-013492A31CB1}.Release|Any CPU.ActiveCfg = Release|Any CPU
		{1BDD552C-085E-43D2-895A-013492A31CB1}.Release|Any CPU.Build.0 = Release|Any CPU
		{D018C9A6-D233-4B2A-B550-4A4B0D9F5474}.Debug|Any CPU.ActiveCfg = Debug|Any CPU
		{D018C9A6-D233-4B2A-B550-4A4B0D9F5474}.Debug|Any CPU.Build.0 = Debug|Any CPU
		{D018C9A6-D233-4B2A-B550-4A4B0D9F5474}.Release|Any CPU.ActiveCfg = Release|Any CPU
		{D018C9A6-D233-4B2A-B550-4A4B0D9F5474}.Release|Any CPU.Build.0 = Release|Any CPU
	EndGlobalSection
	GlobalSection(SolutionProperties) = preSolution
		HideSolutionNode = FALSE
	EndGlobalSection
EndGlobal
